
Microsoft Visual Studio Solution File, Format Version 12.00
# Visual Studio Version 16
VisualStudioVersion = 16.0.28922.388
MinimumVisualStudioVersion = 10.0.40219.1
Project("{FAE04EC0-301F-11D3-BF4B-00C04F79EFBC}") = "SchoolRegister.Web", "Mezynets_AplikacjeWWW\SchoolRegister.Web.csproj", "{9BB6562C-1683-4005-8DC2-67E437F769DC}"
EndProject
Project("{FAE04EC0-301F-11D3-BF4B-00C04F79EFBC}") = "SchoolRegister.Services", "SchoolRegister.Services\SchoolRegister.Services.csproj", "{ABC07738-E8D1-4F00-B0C9-1BE4769A7BAE}"
EndProject
Project("{FAE04EC0-301F-11D3-BF4B-00C04F79EFBC}") = "SchoolRegister.DAL", "SchoolRegister.DAL\SchoolRegister.DAL.csproj", "{92DB20E3-C5CD-4E8C-ACDE-BB0CA89CDF8F}"
EndProject
Project("{FAE04EC0-301F-11D3-BF4B-00C04F79EFBC}") = "SchoolRegister.ViewModels", "SchoolRegister.ViewModels\SchoolRegister.ViewModels.csproj", "{5BA31DCC-C34A-4076-9208-F3F8714292DC}"
EndProject
Project("{FAE04EC0-301F-11D3-BF4B-00C04F79EFBC}") = "SchoolRegister.BLL", "SchoolRegister.BLL\SchoolRegister.BLL.csproj", "{77F44AB1-3E9A-48A4-8391-742DB375F3CE}"
EndProject
Global
	GlobalSection(SolutionConfigurationPlatforms) = preSolution
		Debug|Any CPU = Debug|Any CPU
		Release|Any CPU = Release|Any CPU
	EndGlobalSection
	GlobalSection(ProjectConfigurationPlatforms) = postSolution
		{9BB6562C-1683-4005-8DC2-67E437F769DC}.Debug|Any CPU.ActiveCfg = Debug|Any CPU
		{9BB6562C-1683-4005-8DC2-67E437F769DC}.Debug|Any CPU.Build.0 = Debug|Any CPU
		{9BB6562C-1683-4005-8DC2-67E437F769DC}.Release|Any CPU.ActiveCfg = Release|Any CPU
		{9BB6562C-1683-4005-8DC2-67E437F769DC}.Release|Any CPU.Build.0 = Release|Any CPU
		{ABC07738-E8D1-4F00-B0C9-1BE4769A7BAE}.Debug|Any CPU.ActiveCfg = Debug|Any CPU
		{ABC07738-E8D1-4F00-B0C9-1BE4769A7BAE}.Debug|Any CPU.Build.0 = Debug|Any CPU
		{ABC07738-E8D1-4F00-B0C9-1BE4769A7BAE}.Release|Any CPU.ActiveCfg = Release|Any CPU
		{ABC07738-E8D1-4F00-B0C9-1BE4769A7BAE}.Release|Any CPU.Build.0 = Release|Any CPU
		{92DB20E3-C5CD-4E8C-ACDE-BB0CA89CDF8F}.Debug|Any CPU.ActiveCfg = Debug|Any CPU
		{92DB20E3-C5CD-4E8C-ACDE-BB0CA89CDF8F}.Debug|Any CPU.Build.0 = Debug|Any CPU
		{92DB20E3-C5CD-4E8C-ACDE-BB0CA89CDF8F}.Release|Any CPU.ActiveCfg = Release|Any CPU
		{92DB20E3-C5CD-4E8C-ACDE-BB0CA89CDF8F}.Release|Any CPU.Build.0 = Release|Any CPU
		{5BA31DCC-C34A-4076-9208-F3F8714292DC}.Debug|Any CPU.ActiveCfg = Debug|Any CPU
		{5BA31DCC-C34A-4076-9208-F3F8714292DC}.Debug|Any CPU.Build.0 = Debug|Any CPU
		{5BA31DCC-C34A-4076-9208-F3F8714292DC}.Release|Any CPU.ActiveCfg = Release|Any CPU
		{5BA31DCC-C34A-4076-9208-F3F8714292DC}.Release|Any CPU.Build.0 = Release|Any CPU
		{77F44AB1-3E9A-48A4-8391-742DB375F3CE}.Debug|Any CPU.ActiveCfg = Debug|Any CPU
		{77F44AB1-3E9A-48A4-8391-742DB375F3CE}.Debug|Any CPU.Build.0 = Debug|Any CPU
		{77F44AB1-3E9A-48A4-8391-742DB375F3CE}.Release|Any CPU.ActiveCfg = Release|Any CPU
		{77F44AB1-3E9A-48A4-8391-742DB375F3CE}.Release|Any CPU.Build.0 = Release|Any CPU
	EndGlobalSection
	GlobalSection(SolutionProperties) = preSolution
		HideSolutionNode = FALSE
	EndGlobalSection
	GlobalSection(ExtensibilityGlobals) = postSolution
		SolutionGuid = {359A6A3B-9152-4B32-B028-071888FF30FA}
	EndGlobalSection
EndGlobal
