
Microsoft Visual Studio Solution File, Format Version 12.00
# Visual Studio Version 16
VisualStudioVersion = 16.0.28922.388
MinimumVisualStudioVersion = 10.0.40219.1
Project("{FAE04EC0-301F-11D3-BF4B-00C04F79EFBC}") = "SchoolRegister.Web", "SchoolRegister.Web\SchoolRegister.Web.csproj", "{BC3E7E64-1C14-4589-9FD9-16B51E481C90}"
EndProject
Project("{FAE04EC0-301F-11D3-BF4B-00C04F79EFBC}") = "SchoolRegister.BLL", "SchoolRegister.BLL\SchoolRegister.BLL.csproj", "{53BB8F9D-A65D-4FA4-B031-13F3461EA4E3}"
EndProject
Project("{FAE04EC0-301F-11D3-BF4B-00C04F79EFBC}") = "SchoolRegister.DAL", "SchoolRegister.DAL\SchoolRegister.DAL.csproj", "{7CE9A47B-64F9-49C4-9692-535769D35C62}"
EndProject
Project("{FAE04EC0-301F-11D3-BF4B-00C04F79EFBC}") = "SchoolRegister.Services", "SchoolRegister.Services\SchoolRegister.Services.csproj", "{C1324DEA-99C4-4861-AFFD-797648AA2781}"
EndProject
Project("{FAE04EC0-301F-11D3-BF4B-00C04F79EFBC}") = "SchoolRegister.ViewModels", "SchoolRegister.ViewModels\SchoolRegister.ViewModels.csproj", "{12959CA3-BCCA-4ACA-A982-FE767AD34EE0}"
EndProject
Global
	GlobalSection(SolutionConfigurationPlatforms) = preSolution
		Debug|Any CPU = Debug|Any CPU
		Release|Any CPU = Release|Any CPU
	EndGlobalSection
	GlobalSection(ProjectConfigurationPlatforms) = postSolution
		{BC3E7E64-1C14-4589-9FD9-16B51E481C90}.Debug|Any CPU.ActiveCfg = Debug|Any CPU
		{BC3E7E64-1C14-4589-9FD9-16B51E481C90}.Debug|Any CPU.Build.0 = Debug|Any CPU
		{BC3E7E64-1C14-4589-9FD9-16B51E481C90}.Release|Any CPU.ActiveCfg = Release|Any CPU
		{BC3E7E64-1C14-4589-9FD9-16B51E481C90}.Release|Any CPU.Build.0 = Release|Any CPU
		{53BB8F9D-A65D-4FA4-B031-13F3461EA4E3}.Debug|Any CPU.ActiveCfg = Debug|Any CPU
		{53BB8F9D-A65D-4FA4-B031-13F3461EA4E3}.Debug|Any CPU.Build.0 = Debug|Any CPU
		{53BB8F9D-A65D-4FA4-B031-13F3461EA4E3}.Release|Any CPU.ActiveCfg = Release|Any CPU
		{53BB8F9D-A65D-4FA4-B031-13F3461EA4E3}.Release|Any CPU.Build.0 = Release|Any CPU
		{7CE9A47B-64F9-49C4-9692-535769D35C62}.Debug|Any CPU.ActiveCfg = Debug|Any CPU
		{7CE9A47B-64F9-49C4-9692-535769D35C62}.Debug|Any CPU.Build.0 = Debug|Any CPU
		{7CE9A47B-64F9-49C4-9692-535769D35C62}.Release|Any CPU.ActiveCfg = Release|Any CPU
		{7CE9A47B-64F9-49C4-9692-535769D35C62}.Release|Any CPU.Build.0 = Release|Any CPU
		{C1324DEA-99C4-4861-AFFD-797648AA2781}.Debug|Any CPU.ActiveCfg = Debug|Any CPU
		{C1324DEA-99C4-4861-AFFD-797648AA2781}.Debug|Any CPU.Build.0 = Debug|Any CPU
		{C1324DEA-99C4-4861-AFFD-797648AA2781}.Release|Any CPU.ActiveCfg = Release|Any CPU
		{C1324DEA-99C4-4861-AFFD-797648AA2781}.Release|Any CPU.Build.0 = Release|Any CPU
		{12959CA3-BCCA-4ACA-A982-FE767AD34EE0}.Debug|Any CPU.ActiveCfg = Debug|Any CPU
		{12959CA3-BCCA-4ACA-A982-FE767AD34EE0}.Debug|Any CPU.Build.0 = Debug|Any CPU
		{12959CA3-BCCA-4ACA-A982-FE767AD34EE0}.Release|Any CPU.ActiveCfg = Release|Any CPU
		{12959CA3-BCCA-4ACA-A982-FE767AD34EE0}.Release|Any CPU.Build.0 = Release|Any CPU
	EndGlobalSection
	GlobalSection(SolutionProperties) = preSolution
		HideSolutionNode = FALSE
	EndGlobalSection
	GlobalSection(ExtensibilityGlobals) = postSolution
		SolutionGuid = {7BBD42E4-AC29-4D66-8B79-D576D02B1C59}
	EndGlobalSection
EndGlobal
