
Microsoft Visual Studio Solution File, Format Version 12.00
# Visual Studio Version 16
VisualStudioVersion = 16.0.28922.388
MinimumVisualStudioVersion = 10.0.40219.1
Project("{FAE04EC0-301F-11D3-BF4B-00C04F79EFBC}") = "SchoolRegister.Web", "SchoolRegister.Web\SchoolRegister.Web.csproj", "{BD8868CE-59F3-40C1-AA32-0A60AC3DA10E}"
	ProjectSection(ProjectDependencies) = postProject
		{4F03BFB9-A51D-4FCC-9969-80FA98ACDF7B} = {4F03BFB9-A51D-4FCC-9969-80FA98ACDF7B}
	EndProjectSection
EndProject
Project("{FAE04EC0-301F-11D3-BF4B-00C04F79EFBC}") = "SchoolRegister.BLL", "SchoolRegister.BLL\SchoolRegister.BLL.csproj", "{D3A9F19F-A973-46B0-9394-B25BAF399ADE}"
EndProject
Project("{FAE04EC0-301F-11D3-BF4B-00C04F79EFBC}") = "SchoolRegister.DAL", "SchoolRegister.DAL\SchoolRegister.DAL.csproj", "{705DD6A6-F9FC-4467-8F17-AC84380637DB}"
	ProjectSection(ProjectDependencies) = postProject
		{D3A9F19F-A973-46B0-9394-B25BAF399ADE} = {D3A9F19F-A973-46B0-9394-B25BAF399ADE}
	EndProjectSection
EndProject
Project("{FAE04EC0-301F-11D3-BF4B-00C04F79EFBC}") = "SchoolRegister.Services", "SchoolRegister.Services\SchoolRegister.Services.csproj", "{4F03BFB9-A51D-4FCC-9969-80FA98ACDF7B}"
	ProjectSection(ProjectDependencies) = postProject
		{CFF49181-9F9F-478A-B622-F159E2ABF9F4} = {CFF49181-9F9F-478A-B622-F159E2ABF9F4}
		{705DD6A6-F9FC-4467-8F17-AC84380637DB} = {705DD6A6-F9FC-4467-8F17-AC84380637DB}
	EndProjectSection
EndProject
Project("{FAE04EC0-301F-11D3-BF4B-00C04F79EFBC}") = "SchoolRegister.ViewModels", "SchoolRegister.ViewModels\SchoolRegister.ViewModels.csproj", "{CFF49181-9F9F-478A-B622-F159E2ABF9F4}"
EndProject
Global
	GlobalSection(SolutionConfigurationPlatforms) = preSolution
		Debug|Any CPU = Debug|Any CPU
		Release|Any CPU = Release|Any CPU
	EndGlobalSection
	GlobalSection(ProjectConfigurationPlatforms) = postSolution
		{BD8868CE-59F3-40C1-AA32-0A60AC3DA10E}.Debug|Any CPU.ActiveCfg = Debug|Any CPU
		{BD8868CE-59F3-40C1-AA32-0A60AC3DA10E}.Debug|Any CPU.Build.0 = Debug|Any CPU
		{BD8868CE-59F3-40C1-AA32-0A60AC3DA10E}.Release|Any CPU.ActiveCfg = Release|Any CPU
		{BD8868CE-59F3-40C1-AA32-0A60AC3DA10E}.Release|Any CPU.Build.0 = Release|Any CPU
		{D3A9F19F-A973-46B0-9394-B25BAF399ADE}.Debug|Any CPU.ActiveCfg = Debug|Any CPU
		{D3A9F19F-A973-46B0-9394-B25BAF399ADE}.Debug|Any CPU.Build.0 = Debug|Any CPU
		{D3A9F19F-A973-46B0-9394-B25BAF399ADE}.Release|Any CPU.ActiveCfg = Release|Any CPU
		{D3A9F19F-A973-46B0-9394-B25BAF399ADE}.Release|Any CPU.Build.0 = Release|Any CPU
		{705DD6A6-F9FC-4467-8F17-AC84380637DB}.Debug|Any CPU.ActiveCfg = Debug|Any CPU
		{705DD6A6-F9FC-4467-8F17-AC84380637DB}.Debug|Any CPU.Build.0 = Debug|Any CPU
		{705DD6A6-F9FC-4467-8F17-AC84380637DB}.Release|Any CPU.ActiveCfg = Release|Any CPU
		{705DD6A6-F9FC-4467-8F17-AC84380637DB}.Release|Any CPU.Build.0 = Release|Any CPU
		{4F03BFB9-A51D-4FCC-9969-80FA98ACDF7B}.Debug|Any CPU.ActiveCfg = Debug|Any CPU
		{4F03BFB9-A51D-4FCC-9969-80FA98ACDF7B}.Debug|Any CPU.Build.0 = Debug|Any CPU
		{4F03BFB9-A51D-4FCC-9969-80FA98ACDF7B}.Release|Any CPU.ActiveCfg = Release|Any CPU
		{4F03BFB9-A51D-4FCC-9969-80FA98ACDF7B}.Release|Any CPU.Build.0 = Release|Any CPU
		{CFF49181-9F9F-478A-B622-F159E2ABF9F4}.Debug|Any CPU.ActiveCfg = Debug|Any CPU
		{CFF49181-9F9F-478A-B622-F159E2ABF9F4}.Debug|Any CPU.Build.0 = Debug|Any CPU
		{CFF49181-9F9F-478A-B622-F159E2ABF9F4}.Release|Any CPU.ActiveCfg = Release|Any CPU
		{CFF49181-9F9F-478A-B622-F159E2ABF9F4}.Release|Any CPU.Build.0 = Release|Any CPU
	EndGlobalSection
	GlobalSection(SolutionProperties) = preSolution
		HideSolutionNode = FALSE
	EndGlobalSection
	GlobalSection(ExtensibilityGlobals) = postSolution
		SolutionGuid = {378AD3FC-2A68-4149-B391-C30E8CE819B0}
	EndGlobalSection
EndGlobal
