
Microsoft Visual Studio Solution File, Format Version 12.00
# Visual Studio Version 16
VisualStudioVersion = 16.0.29806.167
MinimumVisualStudioVersion = 10.0.40219.1
Project("{FAE04EC0-301F-11D3-BF4B-00C04F79EFBC}") = "SchoolRegister.Web", "SchoolRegister.Web\SchoolRegister.Web.csproj", "{BC7DC590-4BA7-4719-B98E-567C84822E90}"
EndProject
Project("{FAE04EC0-301F-11D3-BF4B-00C04F79EFBC}") = "SchoolRegister.BLL", "SchoolRegister.BLL\SchoolRegister.BLL.csproj", "{A1BB0FC0-376D-4F9C-9E1A-A3B672D97205}"
EndProject
Project("{FAE04EC0-301F-11D3-BF4B-00C04F79EFBC}") = "SchoolRegister.DAL", "SchoolRegister.DAL\SchoolRegister.DAL.csproj", "{127DD033-BC42-4FC5-9C74-79710F8666BA}"
EndProject
Project("{FAE04EC0-301F-11D3-BF4B-00C04F79EFBC}") = "SchoolRegister.Services", "SchoolRegister.Services\SchoolRegister.Services.csproj", "{23EC8DF4-3AEC-4A77-AE77-285990E327DB}"
EndProject
Project("{FAE04EC0-301F-11D3-BF4B-00C04F79EFBC}") = "SchoolRegister.ViewModels", "SchoolRegister.ViewModels\SchoolRegister.ViewModels.csproj", "{8270CA98-997F-4A11-B9EA-BD2211062FB7}"
EndProject
Global
	GlobalSection(SolutionConfigurationPlatforms) = preSolution
		Debug|Any CPU = Debug|Any CPU
		Release|Any CPU = Release|Any CPU
	EndGlobalSection
	GlobalSection(ProjectConfigurationPlatforms) = postSolution
		{BC7DC590-4BA7-4719-B98E-567C84822E90}.Debug|Any CPU.ActiveCfg = Debug|Any CPU
		{BC7DC590-4BA7-4719-B98E-567C84822E90}.Debug|Any CPU.Build.0 = Debug|Any CPU
		{BC7DC590-4BA7-4719-B98E-567C84822E90}.Release|Any CPU.ActiveCfg = Release|Any CPU
		{BC7DC590-4BA7-4719-B98E-567C84822E90}.Release|Any CPU.Build.0 = Release|Any CPU
		{A1BB0FC0-376D-4F9C-9E1A-A3B672D97205}.Debug|Any CPU.ActiveCfg = Debug|Any CPU
		{A1BB0FC0-376D-4F9C-9E1A-A3B672D97205}.Debug|Any CPU.Build.0 = Debug|Any CPU
		{A1BB0FC0-376D-4F9C-9E1A-A3B672D97205}.Release|Any CPU.ActiveCfg = Release|Any CPU
		{A1BB0FC0-376D-4F9C-9E1A-A3B672D97205}.Release|Any CPU.Build.0 = Release|Any CPU
		{127DD033-BC42-4FC5-9C74-79710F8666BA}.Debug|Any CPU.ActiveCfg = Debug|Any CPU
		{127DD033-BC42-4FC5-9C74-79710F8666BA}.Debug|Any CPU.Build.0 = Debug|Any CPU
		{127DD033-BC42-4FC5-9C74-79710F8666BA}.Release|Any CPU.ActiveCfg = Release|Any CPU
		{127DD033-BC42-4FC5-9C74-79710F8666BA}.Release|Any CPU.Build.0 = Release|Any CPU
		{23EC8DF4-3AEC-4A77-AE77-285990E327DB}.Debug|Any CPU.ActiveCfg = Debug|Any CPU
		{23EC8DF4-3AEC-4A77-AE77-285990E327DB}.Debug|Any CPU.Build.0 = Debug|Any CPU
		{23EC8DF4-3AEC-4A77-AE77-285990E327DB}.Release|Any CPU.ActiveCfg = Release|Any CPU
		{23EC8DF4-3AEC-4A77-AE77-285990E327DB}.Release|Any CPU.Build.0 = Release|Any CPU
		{8270CA98-997F-4A11-B9EA-BD2211062FB7}.Debug|Any CPU.ActiveCfg = Debug|Any CPU
		{8270CA98-997F-4A11-B9EA-BD2211062FB7}.Debug|Any CPU.Build.0 = Debug|Any CPU
		{8270CA98-997F-4A11-B9EA-BD2211062FB7}.Release|Any CPU.ActiveCfg = Release|Any CPU
		{8270CA98-997F-4A11-B9EA-BD2211062FB7}.Release|Any CPU.Build.0 = Release|Any CPU
	EndGlobalSection
	GlobalSection(SolutionProperties) = preSolution
		HideSolutionNode = FALSE
	EndGlobalSection
	GlobalSection(ExtensibilityGlobals) = postSolution
		SolutionGuid = {02BBDD43-AD0F-4588-8BB8-A3647AC20CDD}
	EndGlobalSection
EndGlobal
