
Microsoft Visual Studio Solution File, Format Version 12.00
# Visual Studio Version 16
VisualStudioVersion = 16.0.28922.388
MinimumVisualStudioVersion = 10.0.40219.1
Project("{FAE04EC0-301F-11D3-BF4B-00C04F79EFBC}") = "SchoolRegister.Web", "SchoolRegister.Web\SchoolRegister.Web.csproj", "{2E68F766-A6C9-4A92-B49F-6AA42595D16C}"
EndProject
Project("{FAE04EC0-301F-11D3-BF4B-00C04F79EFBC}") = "SchoolRegister.BLL", "SchoolRegister.BLL\SchoolRegister.BLL.csproj", "{4FEC0479-C4BA-434E-8D2B-8BA2E3D1C3A6}"
EndProject
Project("{FAE04EC0-301F-11D3-BF4B-00C04F79EFBC}") = "SchoolRegister.DAL", "SchoolRegister.DAL\SchoolRegister.DAL.csproj", "{533C5E14-1376-4AC4-84B5-0693116ECEC4}"
EndProject
Project("{FAE04EC0-301F-11D3-BF4B-00C04F79EFBC}") = "SchoolRegister.Services", "SchoolRegister.Services\SchoolRegister.Services.csproj", "{82BBC24E-AC30-4386-A1B8-E9FFA3FC4DA9}"
EndProject
Project("{FAE04EC0-301F-11D3-BF4B-00C04F79EFBC}") = "SchooRegister.ViewModels", "SchooRegister.ViewModels\SchooRegister.ViewModels.csproj", "{29CB6B87-B15D-4B72-A319-80E6E6376AD7}"
EndProject
Global
	GlobalSection(SolutionConfigurationPlatforms) = preSolution
		Debug|Any CPU = Debug|Any CPU
		Release|Any CPU = Release|Any CPU
	EndGlobalSection
	GlobalSection(ProjectConfigurationPlatforms) = postSolution
		{2E68F766-A6C9-4A92-B49F-6AA42595D16C}.Debug|Any CPU.ActiveCfg = Debug|Any CPU
		{2E68F766-A6C9-4A92-B49F-6AA42595D16C}.Debug|Any CPU.Build.0 = Debug|Any CPU
		{2E68F766-A6C9-4A92-B49F-6AA42595D16C}.Release|Any CPU.ActiveCfg = Release|Any CPU
		{2E68F766-A6C9-4A92-B49F-6AA42595D16C}.Release|Any CPU.Build.0 = Release|Any CPU
		{4FEC0479-C4BA-434E-8D2B-8BA2E3D1C3A6}.Debug|Any CPU.ActiveCfg = Debug|Any CPU
		{4FEC0479-C4BA-434E-8D2B-8BA2E3D1C3A6}.Debug|Any CPU.Build.0 = Debug|Any CPU
		{4FEC0479-C4BA-434E-8D2B-8BA2E3D1C3A6}.Release|Any CPU.ActiveCfg = Release|Any CPU
		{4FEC0479-C4BA-434E-8D2B-8BA2E3D1C3A6}.Release|Any CPU.Build.0 = Release|Any CPU
		{533C5E14-1376-4AC4-84B5-0693116ECEC4}.Debug|Any CPU.ActiveCfg = Debug|Any CPU
		{533C5E14-1376-4AC4-84B5-0693116ECEC4}.Debug|Any CPU.Build.0 = Debug|Any CPU
		{533C5E14-1376-4AC4-84B5-0693116ECEC4}.Release|Any CPU.ActiveCfg = Release|Any CPU
		{533C5E14-1376-4AC4-84B5-0693116ECEC4}.Release|Any CPU.Build.0 = Release|Any CPU
		{82BBC24E-AC30-4386-A1B8-E9FFA3FC4DA9}.Debug|Any CPU.ActiveCfg = Debug|Any CPU
		{82BBC24E-AC30-4386-A1B8-E9FFA3FC4DA9}.Debug|Any CPU.Build.0 = Debug|Any CPU
		{82BBC24E-AC30-4386-A1B8-E9FFA3FC4DA9}.Release|Any CPU.ActiveCfg = Release|Any CPU
		{82BBC24E-AC30-4386-A1B8-E9FFA3FC4DA9}.Release|Any CPU.Build.0 = Release|Any CPU
		{29CB6B87-B15D-4B72-A319-80E6E6376AD7}.Debug|Any CPU.ActiveCfg = Debug|Any CPU
		{29CB6B87-B15D-4B72-A319-80E6E6376AD7}.Debug|Any CPU.Build.0 = Debug|Any CPU
		{29CB6B87-B15D-4B72-A319-80E6E6376AD7}.Release|Any CPU.ActiveCfg = Release|Any CPU
		{29CB6B87-B15D-4B72-A319-80E6E6376AD7}.Release|Any CPU.Build.0 = Release|Any CPU
	EndGlobalSection
	GlobalSection(SolutionProperties) = preSolution
		HideSolutionNode = FALSE
	EndGlobalSection
	GlobalSection(ExtensibilityGlobals) = postSolution
		SolutionGuid = {FD227E92-E33A-491D-A083-955C647A672C}
	EndGlobalSection
EndGlobal
