
Microsoft Visual Studio Solution File, Format Version 12.00
# Visual Studio Version 16
VisualStudioVersion = 16.0.28922.388
MinimumVisualStudioVersion = 10.0.40219.1
Project("{FAE04EC0-301F-11D3-BF4B-00C04F79EFBC}") = "SchoolRegister.Web", "SchoolRegister.Web\SchoolRegister.Web.csproj", "{757DF911-DD13-4AF0-94D0-C011F86A51EF}"
EndProject
Global
	GlobalSection(SolutionConfigurationPlatforms) = preSolution
		Debug|Any CPU = Debug|Any CPU
		Release|Any CPU = Release|Any CPU
	EndGlobalSection
	GlobalSection(ProjectConfigurationPlatforms) = postSolution
		{757DF911-DD13-4AF0-94D0-C011F86A51EF}.Debug|Any CPU.ActiveCfg = Debug|Any CPU
		{757DF911-DD13-4AF0-94D0-C011F86A51EF}.Debug|Any CPU.Build.0 = Debug|Any CPU
		{757DF911-DD13-4AF0-94D0-C011F86A51EF}.Release|Any CPU.ActiveCfg = Release|Any CPU
		{757DF911-DD13-4AF0-94D0-C011F86A51EF}.Release|Any CPU.Build.0 = Release|Any CPU
	EndGlobalSection
	GlobalSection(SolutionProperties) = preSolution
		HideSolutionNode = FALSE
	EndGlobalSection
	GlobalSection(ExtensibilityGlobals) = postSolution
		SolutionGuid = {6DF6775A-62A9-4FC3-9108-A80F5BA25BE3}
	EndGlobalSection
EndGlobal
