
Microsoft Visual Studio Solution File, Format Version 12.00
# Visual Studio Version 16
VisualStudioVersion = 16.0.29806.167
MinimumVisualStudioVersion = 10.0.40219.1
Project("{FAE04EC0-301F-11D3-BF4B-00C04F79EFBC}") = "SchoolRegister.Web", "SchoolRegister.Web\SchoolRegister.Web.csproj", "{AC9FB3BA-2238-4098-8B33-E8F7F07E2624}"
EndProject
Project("{FAE04EC0-301F-11D3-BF4B-00C04F79EFBC}") = "SchoolRegister.BLL", "SchoolRegister.BLL\SchoolRegister.BLL.csproj", "{743C118B-00D4-4885-84F8-4CAF1E270282}"
EndProject
Project("{FAE04EC0-301F-11D3-BF4B-00C04F79EFBC}") = "SchoolRegister.DAL", "SchoolRegister.DAL\SchoolRegister.DAL.csproj", "{1C54A857-7C48-4E2B-92DB-807D01C071DC}"
EndProject
Project("{FAE04EC0-301F-11D3-BF4B-00C04F79EFBC}") = "SchoolRegister.Services", "SchoolRegister.Services\SchoolRegister.Services.csproj", "{C00A8021-4D27-443E-BC34-BDF56972F9D1}"
EndProject
Project("{FAE04EC0-301F-11D3-BF4B-00C04F79EFBC}") = "SchoolRegister.ViewModels", "SchoolRegister.ViewModels\SchoolRegister.ViewModels.csproj", "{E803FFB9-52AF-40E2-BF77-56FCAD22AE96}"
EndProject
Global
	GlobalSection(SolutionConfigurationPlatforms) = preSolution
		Debug|Any CPU = Debug|Any CPU
		Release|Any CPU = Release|Any CPU
	EndGlobalSection
	GlobalSection(ProjectConfigurationPlatforms) = postSolution
		{AC9FB3BA-2238-4098-8B33-E8F7F07E2624}.Debug|Any CPU.ActiveCfg = Debug|Any CPU
		{AC9FB3BA-2238-4098-8B33-E8F7F07E2624}.Debug|Any CPU.Build.0 = Debug|Any CPU
		{AC9FB3BA-2238-4098-8B33-E8F7F07E2624}.Release|Any CPU.ActiveCfg = Release|Any CPU
		{AC9FB3BA-2238-4098-8B33-E8F7F07E2624}.Release|Any CPU.Build.0 = Release|Any CPU
		{743C118B-00D4-4885-84F8-4CAF1E270282}.Debug|Any CPU.ActiveCfg = Debug|Any CPU
		{743C118B-00D4-4885-84F8-4CAF1E270282}.Debug|Any CPU.Build.0 = Debug|Any CPU
		{743C118B-00D4-4885-84F8-4CAF1E270282}.Release|Any CPU.ActiveCfg = Release|Any CPU
		{743C118B-00D4-4885-84F8-4CAF1E270282}.Release|Any CPU.Build.0 = Release|Any CPU
		{1C54A857-7C48-4E2B-92DB-807D01C071DC}.Debug|Any CPU.ActiveCfg = Debug|Any CPU
		{1C54A857-7C48-4E2B-92DB-807D01C071DC}.Debug|Any CPU.Build.0 = Debug|Any CPU
		{1C54A857-7C48-4E2B-92DB-807D01C071DC}.Release|Any CPU.ActiveCfg = Release|Any CPU
		{1C54A857-7C48-4E2B-92DB-807D01C071DC}.Release|Any CPU.Build.0 = Release|Any CPU
		{C00A8021-4D27-443E-BC34-BDF56972F9D1}.Debug|Any CPU.ActiveCfg = Debug|Any CPU
		{C00A8021-4D27-443E-BC34-BDF56972F9D1}.Debug|Any CPU.Build.0 = Debug|Any CPU
		{C00A8021-4D27-443E-BC34-BDF56972F9D1}.Release|Any CPU.ActiveCfg = Release|Any CPU
		{C00A8021-4D27-443E-BC34-BDF56972F9D1}.Release|Any CPU.Build.0 = Release|Any CPU
		{E803FFB9-52AF-40E2-BF77-56FCAD22AE96}.Debug|Any CPU.ActiveCfg = Debug|Any CPU
		{E803FFB9-52AF-40E2-BF77-56FCAD22AE96}.Debug|Any CPU.Build.0 = Debug|Any CPU
		{E803FFB9-52AF-40E2-BF77-56FCAD22AE96}.Release|Any CPU.ActiveCfg = Release|Any CPU
		{E803FFB9-52AF-40E2-BF77-56FCAD22AE96}.Release|Any CPU.Build.0 = Release|Any CPU
	EndGlobalSection
	GlobalSection(SolutionProperties) = preSolution
		HideSolutionNode = FALSE
	EndGlobalSection
	GlobalSection(ExtensibilityGlobals) = postSolution
		SolutionGuid = {83037804-2241-4817-9698-D9BF2D78AF68}
	EndGlobalSection
EndGlobal
