
Microsoft Visual Studio Solution File, Format Version 12.00
# Visual Studio Version 16
VisualStudioVersion = 16.0.29020.237
MinimumVisualStudioVersion = 10.0.40219.1
Project("{FAE04EC0-301F-11D3-BF4B-00C04F79EFBC}") = "SchoolRegister.Web", "SchoolRegister.Web.csproj", "{04DE4254-FE13-472D-94D1-C4109D4B205C}"
EndProject
Project("{FAE04EC0-301F-11D3-BF4B-00C04F79EFBC}") = "SchoolRegister.BLL", "..\SchoolRegister.BLL\SchoolRegister.BLL.csproj", "{A756C9F7-B4FD-4752-B73A-FA5166A47549}"
EndProject
Project("{FAE04EC0-301F-11D3-BF4B-00C04F79EFBC}") = "SchoolRegister.DAL", "..\SchoolRegister.DAL\SchoolRegister.DAL.csproj", "{63F762BC-FF4F-4E41-9B54-7F22896740DC}"
EndProject
Project("{FAE04EC0-301F-11D3-BF4B-00C04F79EFBC}") = "SchoolRegister.Services", "..\SchoolRegister.Services\SchoolRegister.Services.csproj", "{08829489-D9AA-465B-9BA7-D87D575B6BC4}"
EndProject
Project("{FAE04EC0-301F-11D3-BF4B-00C04F79EFBC}") = "SchoolRegister.ViewModels", "..\SchoolRegister.ViewModels\SchoolRegister.ViewModels.csproj", "{8C6B85BB-A754-4A11-8492-9DBA202E0F66}"
EndProject
Global
	GlobalSection(SolutionConfigurationPlatforms) = preSolution
		Debug|Any CPU = Debug|Any CPU
		Release|Any CPU = Release|Any CPU
	EndGlobalSection
	GlobalSection(ProjectConfigurationPlatforms) = postSolution
		{04DE4254-FE13-472D-94D1-C4109D4B205C}.Debug|Any CPU.ActiveCfg = Debug|Any CPU
		{04DE4254-FE13-472D-94D1-C4109D4B205C}.Debug|Any CPU.Build.0 = Debug|Any CPU
		{04DE4254-FE13-472D-94D1-C4109D4B205C}.Release|Any CPU.ActiveCfg = Release|Any CPU
		{04DE4254-FE13-472D-94D1-C4109D4B205C}.Release|Any CPU.Build.0 = Release|Any CPU
		{A756C9F7-B4FD-4752-B73A-FA5166A47549}.Debug|Any CPU.ActiveCfg = Debug|Any CPU
		{A756C9F7-B4FD-4752-B73A-FA5166A47549}.Debug|Any CPU.Build.0 = Debug|Any CPU
		{A756C9F7-B4FD-4752-B73A-FA5166A47549}.Release|Any CPU.ActiveCfg = Release|Any CPU
		{A756C9F7-B4FD-4752-B73A-FA5166A47549}.Release|Any CPU.Build.0 = Release|Any CPU
		{63F762BC-FF4F-4E41-9B54-7F22896740DC}.Debug|Any CPU.ActiveCfg = Debug|Any CPU
		{63F762BC-FF4F-4E41-9B54-7F22896740DC}.Debug|Any CPU.Build.0 = Debug|Any CPU
		{63F762BC-FF4F-4E41-9B54-7F22896740DC}.Release|Any CPU.ActiveCfg = Release|Any CPU
		{63F762BC-FF4F-4E41-9B54-7F22896740DC}.Release|Any CPU.Build.0 = Release|Any CPU
		{08829489-D9AA-465B-9BA7-D87D575B6BC4}.Debug|Any CPU.ActiveCfg = Debug|Any CPU
		{08829489-D9AA-465B-9BA7-D87D575B6BC4}.Debug|Any CPU.Build.0 = Debug|Any CPU
		{08829489-D9AA-465B-9BA7-D87D575B6BC4}.Release|Any CPU.ActiveCfg = Release|Any CPU
		{08829489-D9AA-465B-9BA7-D87D575B6BC4}.Release|Any CPU.Build.0 = Release|Any CPU
		{8C6B85BB-A754-4A11-8492-9DBA202E0F66}.Debug|Any CPU.ActiveCfg = Debug|Any CPU
		{8C6B85BB-A754-4A11-8492-9DBA202E0F66}.Debug|Any CPU.Build.0 = Debug|Any CPU
		{8C6B85BB-A754-4A11-8492-9DBA202E0F66}.Release|Any CPU.ActiveCfg = Release|Any CPU
		{8C6B85BB-A754-4A11-8492-9DBA202E0F66}.Release|Any CPU.Build.0 = Release|Any CPU
	EndGlobalSection
	GlobalSection(SolutionProperties) = preSolution
		HideSolutionNode = FALSE
	EndGlobalSection
	GlobalSection(ExtensibilityGlobals) = postSolution
		SolutionGuid = {7915EBCF-2BCD-44DE-84BA-B5C51A6DB4C2}
	EndGlobalSection
EndGlobal
